
Microsoft Visual Studio Solution File, Format Version 12.00
# Visual Studio Version 17
VisualStudioVersion = 17.14.36109.1 d17.14
MinimumVisualStudioVersion = 10.0.40219.1
Project("{FAE04EC0-301F-11D3-BF4B-00C04F79EFBC}") = "asp_mvc_crud", "asp_mvc_crud.csproj", "{E9A272A5-A499-4495-8089-5453DB88556A}"
EndProject
Global
	GlobalSection(SolutionConfigurationPlatforms) = preSolution
		Debug|Any CPU = Debug|Any CPU
		Release|Any CPU = Release|Any CPU
	EndGlobalSection
	GlobalSection(ProjectConfigurationPlatforms) = postSolution
		{E9A272A5-A499-4495-8089-5453DB88556A}.Debug|Any CPU.ActiveCfg = Debug|Any CPU
		{E9A272A5-A499-4495-8089-5453DB88556A}.Debug|Any CPU.Build.0 = Debug|Any CPU
		{E9A272A5-A499-4495-8089-5453DB88556A}.Release|Any CPU.ActiveCfg = Release|Any CPU
		{E9A272A5-A499-4495-8089-5453DB88556A}.Release|Any CPU.Build.0 = Release|Any CPU
	EndGlobalSection
	GlobalSection(SolutionProperties) = preSolution
		HideSolutionNode = FALSE
	EndGlobalSection
	GlobalSection(ExtensibilityGlobals) = postSolution
		SolutionGuid = {191AF6A5-B07C-4E2B-9058-86105846052F}
	EndGlobalSection
EndGlobal
